PODS:
  - Clibgraphviz (0.0.1)
  - GraphViz (0.0.1):
    - Clibgraphviz

DEPENDENCIES:
  - Clibgraphviz (from `../`)
  - GraphViz (from `../`)

EXTERNAL SOURCES:
  Clibgraphviz:
    :path: "../"
  GraphViz:
    :path: "../"

SPEC CHECKSUMS:
  Clibgraphviz: 1464af9c722c5014e36efec9d43fd66b8a892c67
  GraphViz: 4b09745382901badc57c449f2d2898c303d6856e

PODFILE CHECKSUM: 820309f1a07503fd6acd9423599361761808bcf9

COCOAPODS: 1.10.1
